// !$*UTF8*$!
{
	archiveVersion = 1;
	classes = {
	};
	objectVersion = 50;
	objects = {

/* Begin PBXBuildFile section */
		28FF8BA338460C0BB8945900 /* Pods_ProjectMechanicApp.framework in Frameworks */ = {isa = PBXBuildFile; fileRef = 8D21AAF6EDAE015A04BE07DA /* Pods_ProjectMechanicApp.framework */; };
		3C3AC12321B42C2B007B79CB /* MenuViewController.swift in Sources */ = {isa = PBXBuildFile; fileRef = 3C3AC12221B42C2B007B79CB /* MenuViewController.swift */; };
		3C434BE921AD984400888D39 /* AppDelegate.swift in Sources */ = {isa = PBXBuildFile; fileRef = 3C434BE821AD984400888D39 /* AppDelegate.swift */; };
		3C434BEB21AD984400888D39 /* LoginViewController.swift in Sources */ = {isa = PBXBuildFile; fileRef = 3C434BEA21AD984400888D39 /* LoginViewController.swift */; };
		3C434BEE21AD984400888D39 /* Main.storyboard in Resources */ = {isa = PBXBuildFile; fileRef = 3C434BEC21AD984400888D39 /* Main.storyboard */; };
		3C434BF121AD984500888D39 /* ProjectMechanicApp.xcdatamodeld in Sources */ = {isa = PBXBuildFile; fileRef = 3C434BEF21AD984500888D39 /* ProjectMechanicApp.xcdatamodeld */; };
		3C434BF321AD984600888D39 /* Assets.xcassets in Resources */ = {isa = PBXBuildFile; fileRef = 3C434BF221AD984600888D39 /* Assets.xcassets */; };
		3C434BF621AD984600888D39 /* LaunchScreen.storyboard in Resources */ = {isa = PBXBuildFile; fileRef = 3C434BF421AD984600888D39 /* LaunchScreen.storyboard */; };
		3C434C0121AD984600888D39 /* ProjectMechanicAppTests.swift in Sources */ = {isa = PBXBuildFile; fileRef = 3C434C0021AD984600888D39 /* ProjectMechanicAppTests.swift */; };
		3C434C0C21AD984600888D39 /* ProjectMechanicAppUITests.swift in Sources */ = {isa = PBXBuildFile; fileRef = 3C434C0B21AD984600888D39 /* ProjectMechanicAppUITests.swift */; };
		3C434C1B21ADAB2500888D39 /* MainViewController.swift in Sources */ = {isa = PBXBuildFile; fileRef = 3C434C1A21ADAB2500888D39 /* MainViewController.swift */; };
		3C434C1E21ADB64D00888D39 /* Constans.swift in Sources */ = {isa = PBXBuildFile; fileRef = 3C434C1D21ADB64D00888D39 /* Constans.swift */; };
		3C434C2021ADC0F400888D39 /* CustomNavigationBar.swift in Sources */ = {isa = PBXBuildFile; fileRef = 3C434C1F21ADC0F400888D39 /* CustomNavigationBar.swift */; };
		3C84143621E2580100940F1C /* LocalNotification.swift in Sources */ = {isa = PBXBuildFile; fileRef = 3C84143521E2580100940F1C /* LocalNotification.swift */; };
		3C84143821E25FA000940F1C /* DetailsHistoryViewController.swift in Sources */ = {isa = PBXBuildFile; fileRef = 3C84143721E25FA000940F1C /* DetailsHistoryViewController.swift */; };
		3C84143A21E2649A00940F1C /* DetailsHistoryTableViewCell.swift in Sources */ = {isa = PBXBuildFile; fileRef = 3C84143921E2649A00940F1C /* DetailsHistoryTableViewCell.swift */; };
		3CC1CD5621CFDBB500A03C33 /* CurrentRepairsViewController.swift in Sources */ = {isa = PBXBuildFile; fileRef = 3CC1CD5521CFDBB500A03C33 /* CurrentRepairsViewController.swift */; };
		3CC1CD5821CFDDFD00A03C33 /* CurrentRepairTableViewCell.swift in Sources */ = {isa = PBXBuildFile; fileRef = 3CC1CD5721CFDDFD00A03C33 /* CurrentRepairTableViewCell.swift */; };
		3CC1CD5B21CFEB8400A03C33 /* CarModel.swift in Sources */ = {isa = PBXBuildFile; fileRef = 3CC1CD5A21CFEB8400A03C33 /* CarModel.swift */; };
		3CC1CD5D21CFEBA400A03C33 /* CustomerModel.swift in Sources */ = {isa = PBXBuildFile; fileRef = 3CC1CD5C21CFEBA400A03C33 /* CustomerModel.swift */; };
		3CC1CD6121CFEBDE00A03C33 /* RepairModel.swift in Sources */ = {isa = PBXBuildFile; fileRef = 3CC1CD6021CFEBDE00A03C33 /* RepairModel.swift */; };
		3CC1CD6321CFFC5D00A03C33 /* Extensions.swift in Sources */ = {isa = PBXBuildFile; fileRef = 3CC1CD6221CFFC5D00A03C33 /* Extensions.swift */; };
		3CC1CD6B21D010D400A03C33 /* AddNotificationDialog.swift in Sources */ = {isa = PBXBuildFile; fileRef = 3CC1CD6921D010D400A03C33 /* AddNotificationDialog.swift */; };
		3CC1CD6C21D010D400A03C33 /* AddNotificationDialog.xib in Resources */ = {isa = PBXBuildFile; fileRef = 3CC1CD6A21D010D400A03C33 /* AddNotificationDialog.xib */; };
		3CC1CD6E21D0141000A03C33 /* NotificationsViewController.swift in Sources */ = {isa = PBXBuildFile; fileRef = 3CC1CD6D21D0141000A03C33 /* NotificationsViewController.swift */; };
		3CE1206221EA076700D88BD8 /* ConnectionManager.swift in Sources */ = {isa = PBXBuildFile; fileRef = 3CE1206121EA076700D88BD8 /* ConnectionManager.swift */; };
		3CE9B08821C5068D00CE047E /* ContactViewController.swift in Sources */ = {isa = PBXBuildFile; fileRef = 3CE9B08721C5068D00CE047E /* ContactViewController.swift */; };
		3CE9B08B21C5110000CE047E /* HistoryTableViewCell.swift in Sources */ = {isa = PBXBuildFile; fileRef = 3CE9B08A21C5110000CE047E /* HistoryTableViewCell.swift */; };
		3CE9B08D21C5163C00CE047E /* HistoryViewController.swift in Sources */ = {isa = PBXBuildFile; fileRef = 3CE9B08C21C5163C00CE047E /* HistoryViewController.swift */; };
		3CF560E921E679F600D6F613 /* Utils.swift in Sources */ = {isa = PBXBuildFile; fileRef = 3CF560E821E679F600D6F613 /* Utils.swift */; };
		3CF560EB21E67C0900D6F613 /* NotificationTableViewCell.swift in Sources */ = {isa = PBXBuildFile; fileRef = 3CF560EA21E67C0900D6F613 /* NotificationTableViewCell.swift */; };
		3CF9F94621E66DB900B9C4B2 /* CustomToast.swift in Sources */ = {isa = PBXBuildFile; fileRef = 3CF9F94521E66DB900B9C4B2 /* CustomToast.swift */; };
		4E60B9EE51E4B20AEAEB79E2 /* Pods_ProjectMechanicAppTests.framework in Frameworks */ = {isa = PBXBuildFile; fileRef = 4C3E599F299B0AEE64411B73 /* Pods_ProjectMechanicAppTests.framework */; };
		B9B135C3CD88EA7396260439 /* Pods_ProjectMechanicAppUITests.framework in Frameworks */ = {isa = PBXBuildFile; fileRef = 564D4333CA921B8BFD94BEC6 /* Pods_ProjectMechanicAppUITests.framework */; };
/* End PBXBuildFile section */

/* Begin PBXContainerItemProxy section */
		3C434BFD21AD984600888D39 /* PBXContainerItemProxy */ = {
			isa = PBXContainerItemProxy;
			containerPortal = 3C434BDD21AD984400888D39 /* Project object */;
			proxyType = 1;
			remoteGlobalIDString = 3C434BE421AD984400888D39;
			remoteInfo = ProjectMechanicApp;
		};
		3C434C0821AD984600888D39 /* PBXContainerItemProxy */ = {
			isa = PBXContainerItemProxy;
			containerPortal = 3C434BDD21AD984400888D39 /* Project object */;
			proxyType = 1;
			remoteGlobalIDString = 3C434BE421AD984400888D39;
			remoteInfo = ProjectMechanicApp;
		};
/* End PBXContainerItemProxy section */

/* Begin PBXFileReference section */
		12786281B2F84BF8E8B4BDB9 /* Pods-ProjectMechanicAppUITests.debug.xcconfig */ = {isa = PBXFileReference; includeInIndex = 1; lastKnownFileType = text.xcconfig; name = "Pods-ProjectMechanicAppUITests.debug.xcconfig"; path = "Pods/Target Support Files/Pods-ProjectMechanicAppUITests/Pods-ProjectMechanicAppUITests.debug.xcconfig"; sourceTree = "<group>"; };
		2D1BA9935AD705A056127990 /* Pods-ProjectMechanicAppUITests.release.xcconfig */ = {isa = PBXFileReference; includeInIndex = 1; lastKnownFileType = text.xcconfig; name = "Pods-ProjectMechanicAppUITests.release.xcconfig"; path = "Pods/Target Support Files/Pods-ProjectMechanicAppUITests/Pods-ProjectMechanicAppUITests.release.xcconfig"; sourceTree = "<group>"; };
		3C3AC12221B42C2B007B79CB /* MenuViewController.swift */ = {isa = PBXFileReference; lastKnownFileType = sourcecode.swift; path = MenuViewController.swift; sourceTree = "<group>"; };
		3C434BE521AD984400888D39 /* ProjectMechanicApp.app */ = {isa = PBXFileReference; explicitFileType = wrapper.application; includeInIndex = 0; path = ProjectMechanicApp.app; sourceTree = BUILT_PRODUCTS_DIR; };
		3C434BE821AD984400888D39 /* AppDelegate.swift */ = {isa = PBXFileReference; lastKnownFileType = sourcecode.swift; path = AppDelegate.swift; sourceTree = "<group>"; };
		3C434BEA21AD984400888D39 /* LoginViewController.swift */ = {isa = PBXFileReference; lastKnownFileType = sourcecode.swift; path = LoginViewController.swift; sourceTree = "<group>"; };
		3C434BED21AD984400888D39 /* Base */ = {isa = PBXFileReference; lastKnownFileType = file.storyboard; name = Base; path = Base.lproj/Main.storyboard; sourceTree = "<group>"; };
		3C434BF021AD984500888D39 /* ProjectMechanicApp.xcdatamodel */ = {isa = PBXFileReference; lastKnownFileType = wrapper.xcdatamodel; path = ProjectMechanicApp.xcdatamodel; sourceTree = "<group>"; };
		3C434BF221AD984600888D39 /* Assets.xcassets */ = {isa = PBXFileReference; lastKnownFileType = folder.assetcatalog; path = Assets.xcassets; sourceTree = "<group>"; };
		3C434BF521AD984600888D39 /* Base */ = {isa = PBXFileReference; lastKnownFileType = file.storyboard; name = Base; path = Base.lproj/LaunchScreen.storyboard; sourceTree = "<group>"; };
		3C434BF721AD984600888D39 /* Info.plist */ = {isa = PBXFileReference; lastKnownFileType = text.plist.xml; path = Info.plist; sourceTree = "<group>"; };
		3C434BFC21AD984600888D39 /* ProjectMechanicAppTests.xctest */ = {isa = PBXFileReference; explicitFileType = wrapper.cfbundle; includeInIndex = 0; path = ProjectMechanicAppTests.xctest; sourceTree = BUILT_PRODUCTS_DIR; };
		3C434C0021AD984600888D39 /* ProjectMechanicAppTests.swift */ = {isa = PBXFileReference; lastKnownFileType = sourcecode.swift; path = ProjectMechanicAppTests.swift; sourceTree = "<group>"; };
		3C434C0221AD984600888D39 /* Info.plist */ = {isa = PBXFileReference; lastKnownFileType = text.plist.xml; path = Info.plist; sourceTree = "<group>"; };
		3C434C0721AD984600888D39 /* ProjectMechanicAppUITests.xctest */ = {isa = PBXFileReference; explicitFileType = wrapper.cfbundle; includeInIndex = 0; path = ProjectMechanicAppUITests.xctest; sourceTree = BUILT_PRODUCTS_DIR; };
		3C434C0B21AD984600888D39 /* ProjectMechanicAppUITests.swift */ = {isa = PBXFileReference; lastKnownFileType = sourcecode.swift; path = ProjectMechanicAppUITests.swift; sourceTree = "<group>"; };
		3C434C0D21AD984700888D39 /* Info.plist */ = {isa = PBXFileReference; lastKnownFileType = text.plist.xml; path = Info.plist; sourceTree = "<group>"; };
		3C434C1A21ADAB2500888D39 /* MainViewController.swift */ = {isa = PBXFileReference; lastKnownFileType = sourcecode.swift; path = MainViewController.swift; sourceTree = "<group>"; };
		3C434C1D21ADB64D00888D39 /* Constans.swift */ = {isa = PBXFileReference; lastKnownFileType = sourcecode.swift; path = Constans.swift; sourceTree = "<group>"; };
		3C434C1F21ADC0F400888D39 /* CustomNavigationBar.swift */ = {isa = PBXFileReference; lastKnownFileType = sourcecode.swift; path = CustomNavigationBar.swift; sourceTree = "<group>"; };
		3C84143521E2580100940F1C /* LocalNotification.swift */ = {isa = PBXFileReference; lastKnownFileType = sourcecode.swift; path = LocalNotification.swift; sourceTree = "<group>"; };
		3C84143721E25FA000940F1C /* DetailsHistoryViewController.swift */ = {isa = PBXFileReference; lastKnownFileType = sourcecode.swift; path = DetailsHistoryViewController.swift; sourceTree = "<group>"; };
		3C84143921E2649A00940F1C /* DetailsHistoryTableViewCell.swift */ = {isa = PBXFileReference; lastKnownFileType = sourcecode.swift; path = DetailsHistoryTableViewCell.swift; sourceTree = "<group>"; };
		3CC1CD5521CFDBB500A03C33 /* CurrentRepairsViewController.swift */ = {isa = PBXFileReference; lastKnownFileType = sourcecode.swift; path = CurrentRepairsViewController.swift; sourceTree = "<group>"; };
		3CC1CD5721CFDDFD00A03C33 /* CurrentRepairTableViewCell.swift */ = {isa = PBXFileReference; lastKnownFileType = sourcecode.swift; path = CurrentRepairTableViewCell.swift; sourceTree = "<group>"; };
		3CC1CD5A21CFEB8400A03C33 /* CarModel.swift */ = {isa = PBXFileReference; lastKnownFileType = sourcecode.swift; path = CarModel.swift; sourceTree = "<group>"; };
		3CC1CD5C21CFEBA400A03C33 /* CustomerModel.swift */ = {isa = PBXFileReference; lastKnownFileType = sourcecode.swift; path = CustomerModel.swift; sourceTree = "<group>"; };
		3CC1CD6021CFEBDE00A03C33 /* RepairModel.swift */ = {isa = PBXFileReference; lastKnownFileType = sourcecode.swift; path = RepairModel.swift; sourceTree = "<group>"; };
		3CC1CD6221CFFC5D00A03C33 /* Extensions.swift */ = {isa = PBXFileReference; lastKnownFileType = sourcecode.swift; path = Extensions.swift; sourceTree = "<group>"; };
		3CC1CD6921D010D400A03C33 /* AddNotificationDialog.swift */ = {isa = PBXFileReference; lastKnownFileType = sourcecode.swift; path = AddNotificationDialog.swift; sourceTree = "<group>"; };
		3CC1CD6A21D010D400A03C33 /* AddNotificationDialog.xib */ = {isa = PBXFileReference; lastKnownFileType = file.xib; path = AddNotificationDialog.xib; sourceTree = "<group>"; };
		3CC1CD6D21D0141000A03C33 /* NotificationsViewController.swift */ = {isa = PBXFileReference; lastKnownFileType = sourcecode.swift; path = NotificationsViewController.swift; sourceTree = "<group>"; };
		3CE1206121EA076700D88BD8 /* ConnectionManager.swift */ = {isa = PBXFileReference; lastKnownFileType = sourcecode.swift; path = ConnectionManager.swift; sourceTree = "<group>"; };
		3CE9B08721C5068D00CE047E /* ContactViewController.swift */ = {isa = PBXFileReference; lastKnownFileType = sourcecode.swift; path = ContactViewController.swift; sourceTree = "<group>"; };
		3CE9B08A21C5110000CE047E /* HistoryTableViewCell.swift */ = {isa = PBXFileReference; lastKnownFileType = sourcecode.swift; path = HistoryTableViewCell.swift; sourceTree = "<group>"; };
		3CE9B08C21C5163C00CE047E /* HistoryViewController.swift */ = {isa = PBXFileReference; lastKnownFileType = sourcecode.swift; path = HistoryViewController.swift; sourceTree = "<group>"; };
		3CF560E821E679F600D6F613 /* Utils.swift */ = {isa = PBXFileReference; lastKnownFileType = sourcecode.swift; path = Utils.swift; sourceTree = "<group>"; };
		3CF560EA21E67C0900D6F613 /* NotificationTableViewCell.swift */ = {isa = PBXFileReference; lastKnownFileType = sourcecode.swift; path = NotificationTableViewCell.swift; sourceTree = "<group>"; };
		3CF9F94521E66DB900B9C4B2 /* CustomToast.swift */ = {isa = PBXFileReference; lastKnownFileType = sourcecode.swift; path = CustomToast.swift; sourceTree = "<group>"; };
		4C3E599F299B0AEE64411B73 /* Pods_ProjectMechanicAppTests.framework */ = {isa = PBXFileReference; explicitFileType = wrapper.framework; includeInIndex = 0; path = Pods_ProjectMechanicAppTests.framework; sourceTree = BUILT_PRODUCTS_DIR; };
		564D4333CA921B8BFD94BEC6 /* Pods_ProjectMechanicAppUITests.framework */ = {isa = PBXFileReference; explicitFileType = wrapper.framework; includeInIndex = 0; path = Pods_ProjectMechanicAppUITests.framework; sourceTree = BUILT_PRODUCTS_DIR; };
		5BF98F3440FE3D4A08AB7299 /* Pods-ProjectMechanicAppTests.release.xcconfig */ = {isa = PBXFileReference; includeInIndex = 1; lastKnownFileType = text.xcconfig; name = "Pods-ProjectMechanicAppTests.release.xcconfig"; path = "Pods/Target Support Files/Pods-ProjectMechanicAppTests/Pods-ProjectMechanicAppTests.release.xcconfig"; sourceTree = "<group>"; };
		64DE580ADF27166A509C343D /* Pods-ProjectMechanicApp.debug.xcconfig */ = {isa = PBXFileReference; includeInIndex = 1; lastKnownFileType = text.xcconfig; name = "Pods-ProjectMechanicApp.debug.xcconfig"; path = "Pods/Target Support Files/Pods-ProjectMechanicApp/Pods-ProjectMechanicApp.debug.xcconfig"; sourceTree = "<group>"; };
		8D21AAF6EDAE015A04BE07DA /* Pods_ProjectMechanicApp.framework */ = {isa = PBXFileReference; explicitFileType = wrapper.framework; includeInIndex = 0; path = Pods_ProjectMechanicApp.framework; sourceTree = BUILT_PRODUCTS_DIR; };
		BC5700666EEAF7D838788FB2 /* Pods-ProjectMechanicAppTests.debug.xcconfig */ = {isa = PBXFileReference; includeInIndex = 1; lastKnownFileType = text.xcconfig; name = "Pods-ProjectMechanicAppTests.debug.xcconfig"; path = "Pods/Target Support Files/Pods-ProjectMechanicAppTests/Pods-ProjectMechanicAppTests.debug.xcconfig"; sourceTree = "<group>"; };
		D1AC6AF98BDD2838B5B0084F /* Pods-ProjectMechanicApp.release.xcconfig */ = {isa = PBXFileReference; includeInIndex = 1; lastKnownFileType = text.xcconfig; name = "Pods-ProjectMechanicApp.release.xcconfig"; path = "Pods/Target Support Files/Pods-ProjectMechanicApp/Pods-ProjectMechanicApp.release.xcconfig"; sourceTree = "<group>"; };
/* End PBXFileReference section */

/* Begin PBXFrameworksBuildPhase section */
		3C434BE221AD984400888D39 /* Frameworks */ = {
			isa = PBXFrameworksBuildPhase;
			buildActionMask = 2147483647;
			files = (
				28FF8BA338460C0BB8945900 /* Pods_ProjectMechanicApp.framework in Frameworks */,
			);
			runOnlyForDeploymentPostprocessing = 0;
		};
		3C434BF921AD984600888D39 /* Frameworks */ = {
			isa = PBXFrameworksBuildPhase;
			buildActionMask = 2147483647;
			files = (
				4E60B9EE51E4B20AEAEB79E2 /* Pods_ProjectMechanicAppTests.framework in Frameworks */,
			);
			runOnlyForDeploymentPostprocessing = 0;
		};
		3C434C0421AD984600888D39 /* Frameworks */ = {
			isa = PBXFrameworksBuildPhase;
			buildActionMask = 2147483647;
			files = (
				B9B135C3CD88EA7396260439 /* Pods_ProjectMechanicAppUITests.framework in Frameworks */,
			);
			runOnlyForDeploymentPostprocessing = 0;
		};
/* End PBXFrameworksBuildPhase section */

/* Begin PBXGroup section */
		3C3AC12121B42C05007B79CB /* ViewControllers */ = {
			isa = PBXGroup;
			children = (
				3C434BEA21AD984400888D39 /* LoginViewController.swift */,
				3C3AC12221B42C2B007B79CB /* MenuViewController.swift */,
				3CE9B08721C5068D00CE047E /* ContactViewController.swift */,
				3CE9B08C21C5163C00CE047E /* HistoryViewController.swift */,
				3CC1CD5521CFDBB500A03C33 /* CurrentRepairsViewController.swift */,
				3CC1CD6D21D0141000A03C33 /* NotificationsViewController.swift */,
				3C84143721E25FA000940F1C /* DetailsHistoryViewController.swift */,
			);
			path = ViewControllers;
			sourceTree = "<group>";
		};
		3C434BDC21AD984400888D39 = {
			isa = PBXGroup;
			children = (
				3C434BE721AD984400888D39 /* ProjectMechanicApp */,
				3C434BFF21AD984600888D39 /* ProjectMechanicAppTests */,
				3C434C0A21AD984600888D39 /* ProjectMechanicAppUITests */,
				3C434BE621AD984400888D39 /* Products */,
				8769A2D1AEC65031A2875F5E /* Pods */,
				464F9EB8746ABFF94C524626 /* Frameworks */,
			);
			sourceTree = "<group>";
		};
		3C434BE621AD984400888D39 /* Products */ = {
			isa = PBXGroup;
			children = (
				3C434BE521AD984400888D39 /* ProjectMechanicApp.app */,
				3C434BFC21AD984600888D39 /* ProjectMechanicAppTests.xctest */,
				3C434C0721AD984600888D39 /* ProjectMechanicAppUITests.xctest */,
			);
			name = Products;
			sourceTree = "<group>";
		};
		3C434BE721AD984400888D39 /* ProjectMechanicApp */ = {
			isa = PBXGroup;
			children = (
				3CE1206021EA075000D88BD8 /* ConnectionManager */,
				3C84143421E257DB00940F1C /* Utils+Extensions */,
				3CC1CD6421D0106800A03C33 /* Dialogs */,
				3CC1CD5921CFEB7000A03C33 /* Models */,
				3CE9B08921C510C100CE047E /* Cells */,
				3C3AC12121B42C05007B79CB /* ViewControllers */,
				3C434C1C21ADB60400888D39 /* Constans */,
				3C434C1921ADAAFB00888D39 /* NavigatableController */,
				3C434BE821AD984400888D39 /* AppDelegate.swift */,
				3C434BEC21AD984400888D39 /* Main.storyboard */,
				3C434BF221AD984600888D39 /* Assets.xcassets */,
				3C434BF421AD984600888D39 /* LaunchScreen.storyboard */,
				3C434BF721AD984600888D39 /* Info.plist */,
				3C434BEF21AD984500888D39 /* ProjectMechanicApp.xcdatamodeld */,
				3CC1CD6221CFFC5D00A03C33 /* Extensions.swift */,
			);
			path = ProjectMechanicApp;
			sourceTree = "<group>";
		};
		3C434BFF21AD984600888D39 /* ProjectMechanicAppTests */ = {
			isa = PBXGroup;
			children = (
				3C434C0021AD984600888D39 /* ProjectMechanicAppTests.swift */,
				3C434C0221AD984600888D39 /* Info.plist */,
			);
			path = ProjectMechanicAppTests;
			sourceTree = "<group>";
		};
		3C434C0A21AD984600888D39 /* ProjectMechanicAppUITests */ = {
			isa = PBXGroup;
			children = (
				3C434C0B21AD984600888D39 /* ProjectMechanicAppUITests.swift */,
				3C434C0D21AD984700888D39 /* Info.plist */,
			);
			path = ProjectMechanicAppUITests;
			sourceTree = "<group>";
		};
		3C434C1921ADAAFB00888D39 /* NavigatableController */ = {
			isa = PBXGroup;
			children = (
				3C434C1A21ADAB2500888D39 /* MainViewController.swift */,
				3C434C1F21ADC0F400888D39 /* CustomNavigationBar.swift */,
			);
			path = NavigatableController;
			sourceTree = "<group>";
		};
		3C434C1C21ADB60400888D39 /* Constans */ = {
			isa = PBXGroup;
			children = (
				3C434C1D21ADB64D00888D39 /* Constans.swift */,
			);
			path = Constans;
			sourceTree = "<group>";
		};
		3C84143421E257DB00940F1C /* Utils+Extensions */ = {
			isa = PBXGroup;
			children = (
				3C84143521E2580100940F1C /* LocalNotification.swift */,
				3CF9F94521E66DB900B9C4B2 /* CustomToast.swift */,
				3CF560E821E679F600D6F613 /* Utils.swift */,
			);
			path = "Utils+Extensions";
			sourceTree = "<group>";
		};
		3CC1CD5921CFEB7000A03C33 /* Models */ = {
			isa = PBXGroup;
			children = (
				3CC1CD5A21CFEB8400A03C33 /* CarModel.swift */,
				3CC1CD5C21CFEBA400A03C33 /* CustomerModel.swift */,
				3CC1CD6021CFEBDE00A03C33 /* RepairModel.swift */,
			);
			path = Models;
			sourceTree = "<group>";
		};
		3CC1CD6421D0106800A03C33 /* Dialogs */ = {
			isa = PBXGroup;
			children = (
				3CC1CD6921D010D400A03C33 /* AddNotificationDialog.swift */,
				3CC1CD6A21D010D400A03C33 /* AddNotificationDialog.xib */,
			);
			path = Dialogs;
			sourceTree = "<group>";
		};
		3CE1206021EA075000D88BD8 /* ConnectionManager */ = {
			isa = PBXGroup;
			children = (
				3CE1206121EA076700D88BD8 /* ConnectionManager.swift */,
			);
			path = ConnectionManager;
			sourceTree = "<group>";
		};
		3CE9B08921C510C100CE047E /* Cells */ = {
			isa = PBXGroup;
			children = (
				3CE9B08A21C5110000CE047E /* HistoryTableViewCell.swift */,
				3CC1CD5721CFDDFD00A03C33 /* CurrentRepairTableViewCell.swift */,
				3C84143921E2649A00940F1C /* DetailsHistoryTableViewCell.swift */,
				3CF560EA21E67C0900D6F613 /* NotificationTableViewCell.swift */,
			);
			path = Cells;
			sourceTree = "<group>";
		};
		464F9EB8746ABFF94C524626 /* Frameworks */ = {
			isa = PBXGroup;
			children = (
				8D21AAF6EDAE015A04BE07DA /* Pods_ProjectMechanicApp.framework */,
				4C3E599F299B0AEE64411B73 /* Pods_ProjectMechanicAppTests.framework */,
				564D4333CA921B8BFD94BEC6 /* Pods_ProjectMechanicAppUITests.framework */,
			);
			name = Frameworks;
			sourceTree = "<group>";
		};
		8769A2D1AEC65031A2875F5E /* Pods */ = {
			isa = PBXGroup;
			children = (
				64DE580ADF27166A509C343D /* Pods-ProjectMechanicApp.debug.xcconfig */,
				D1AC6AF98BDD2838B5B0084F /* Pods-ProjectMechanicApp.release.xcconfig */,
				BC5700666EEAF7D838788FB2 /* Pods-ProjectMechanicAppTests.debug.xcconfig */,
				5BF98F3440FE3D4A08AB7299 /* Pods-ProjectMechanicAppTests.release.xcconfig */,
				12786281B2F84BF8E8B4BDB9 /* Pods-ProjectMechanicAppUITests.debug.xcconfig */,
				2D1BA9935AD705A056127990 /* Pods-ProjectMechanicAppUITests.release.xcconfig */,
			);
			name = Pods;
			sourceTree = "<group>";
		};
/* End PBXGroup section */

/* Begin PBXNativeTarget section */
		3C434BE421AD984400888D39 /* ProjectMechanicApp */ = {
			isa = PBXNativeTarget;
			buildConfigurationList = 3C434C1021AD984700888D39 /* Build configuration list for PBXNativeTarget "ProjectMechanicApp" */;
			buildPhases = (
				483F4961EB596DB591D77EC3 /* [CP] Check Pods Manifest.lock */,
				3C434BE121AD984400888D39 /* Sources */,
				3C434BE221AD984400888D39 /* Frameworks */,
				3C434BE321AD984400888D39 /* Resources */,
				1D11600E2E98A9AE51EEB19B /* [CP] Embed Pods Frameworks */,
			);
			buildRules = (
			);
			dependencies = (
			);
			name = ProjectMechanicApp;
			productName = ProjectMechanicApp;
			productReference = 3C434BE521AD984400888D39 /* ProjectMechanicApp.app */;
			productType = "com.apple.product-type.application";
		};
		3C434BFB21AD984600888D39 /* ProjectMechanicAppTests */ = {
			isa = PBXNativeTarget;
			buildConfigurationList = 3C434C1321AD984700888D39 /* Build configuration list for PBXNativeTarget "ProjectMechanicAppTests" */;
			buildPhases = (
				178571B75BE539208296F1FF /* [CP] Check Pods Manifest.lock */,
				3C434BF821AD984600888D39 /* Sources */,
				3C434BF921AD984600888D39 /* Frameworks */,
				3C434BFA21AD984600888D39 /* Resources */,
			);
			buildRules = (
			);
			dependencies = (
				3C434BFE21AD984600888D39 /* PBXTargetDependency */,
			);
			name = ProjectMechanicAppTests;
			productName = ProjectMechanicAppTests;
			productReference = 3C434BFC21AD984600888D39 /* ProjectMechanicAppTests.xctest */;
			productType = "com.apple.product-type.bundle.unit-test";
		};
		3C434C0621AD984600888D39 /* ProjectMechanicAppUITests */ = {
			isa = PBXNativeTarget;
			buildConfigurationList = 3C434C1621AD984700888D39 /* Build configuration list for PBXNativeTarget "ProjectMechanicAppUITests" */;
			buildPhases = (
				637793B7E3869B4E53F9AF05 /* [CP] Check Pods Manifest.lock */,
				3C434C0321AD984600888D39 /* Sources */,
				3C434C0421AD984600888D39 /* Frameworks */,
				3C434C0521AD984600888D39 /* Resources */,
			);
			buildRules = (
			);
			dependencies = (
				3C434C0921AD984600888D39 /* PBXTargetDependency */,
			);
			name = ProjectMechanicAppUITests;
			productName = ProjectMechanicAppUITests;
			productReference = 3C434C0721AD984600888D39 /* ProjectMechanicAppUITests.xctest */;
			productType = "com.apple.product-type.bundle.ui-testing";
		};
/* End PBXNativeTarget section */

/* Begin PBXProject section */
		3C434BDD21AD984400888D39 /* Project object */ = {
			isa = PBXProject;
			attributes = {
				LastSwiftUpdateCheck = 0930;
				LastUpgradeCheck = 0930;
				ORGANIZATIONNAME = "Łukasz Michalski";
				TargetAttributes = {
					3C434BE421AD984400888D39 = {
						CreatedOnToolsVersion = 9.3;
					};
					3C434BFB21AD984600888D39 = {
						CreatedOnToolsVersion = 9.3;
						TestTargetID = 3C434BE421AD984400888D39;
					};
					3C434C0621AD984600888D39 = {
						CreatedOnToolsVersion = 9.3;
						TestTargetID = 3C434BE421AD984400888D39;
					};
				};
			};
			buildConfigurationList = 3C434BE021AD984400888D39 /* Build configuration list for PBXProject "ProjectMechanicApp" */;
			compatibilityVersion = "Xcode 9.3";
			developmentRegion = en;
			hasScannedForEncodings = 0;
			knownRegions = (
				en,
				Base,
			);
			mainGroup = 3C434BDC21AD984400888D39;
			productRefGroup = 3C434BE621AD984400888D39 /* Products */;
			projectDirPath = "";
			projectRoot = "";
			targets = (
				3C434BE421AD984400888D39 /* ProjectMechanicApp */,
				3C434BFB21AD984600888D39 /* ProjectMechanicAppTests */,
				3C434C0621AD984600888D39 /* ProjectMechanicAppUITests */,
			);
		};
/* End PBXProject section */

/* Begin PBXResourcesBuildPhase section */
		3C434BE321AD984400888D39 /* Resources */ = {
			isa = PBXResourcesBuildPhase;
			buildActionMask = 2147483647;
			files = (
				3C434BF621AD984600888D39 /* LaunchScreen.storyboard in Resources */,
				3C434BF321AD984600888D39 /* Assets.xcassets in Resources */,
				3CC1CD6C21D010D400A03C33 /* AddNotificationDialog.xib in Resources */,
				3C434BEE21AD984400888D39 /* Main.storyboard in Resources */,
			);
			runOnlyForDeploymentPostprocessing = 0;
		};
		3C434BFA21AD984600888D39 /* Resources */ = {
			isa = PBXResourcesBuildPhase;
			buildActionMask = 2147483647;
			files = (
			);
			runOnlyForDeploymentPostprocessing = 0;
		};
		3C434C0521AD984600888D39 /* Resources */ = {
			isa = PBXResourcesBuildPhase;
			buildActionMask = 2147483647;
			files = (
			);
			runOnlyForDeploymentPostprocessing = 0;
		};
/* End PBXResourcesBuildPhase section */

/* Begin PBXShellScriptBuildPhase section */
		178571B75BE539208296F1FF /* [CP] Check Pods Manifest.lock */ = {
			isa = PBXShellScriptBuildPhase;
			buildActionMask = 2147483647;
			files = (
			);
			inputPaths = (
				"${PODS_PODFILE_DIR_PATH}/Podfile.lock",
				"${PODS_ROOT}/Manifest.lock",
			);
			name = "[CP] Check Pods Manifest.lock";
			outputPaths = (
				"$(DERIVED_FILE_DIR)/Pods-ProjectMechanicAppTests-checkManifestLockResult.txt",
			);
			runOnlyForDeploymentPostprocessing = 0;
			shellPath = /bin/sh;
			shellScript = "diff \"${PODS_PODFILE_DIR_PATH}/Podfile.lock\" \"${PODS_ROOT}/Manifest.lock\" > /dev/null\nif [ $? != 0 ] ; then\n    # print error to STDERR\n    echo \"error: The sandbox is not in sync with the Podfile.lock. Run 'pod install' or update your CocoaPods installation.\" >&2\n    exit 1\nfi\n# This output is used by Xcode 'outputs' to avoid re-running this script phase.\necho \"SUCCESS\" > \"${SCRIPT_OUTPUT_FILE_0}\"\n";
			showEnvVarsInLog = 0;
		};
		1D11600E2E98A9AE51EEB19B /* [CP] Embed Pods Frameworks */ = {
			isa = PBXShellScriptBuildPhase;
			buildActionMask = 2147483647;
			files = (
			);
			inputPaths = (
				"${SRCROOT}/Pods/Target Support Files/Pods-ProjectMechanicApp/Pods-ProjectMechanicApp-frameworks.sh",
				"${BUILT_PRODUCTS_DIR}/Alamofire/Alamofire.framework",
				"${BUILT_PRODUCTS_DIR}/SkyFloatingLabelTextField/SkyFloatingLabelTextField.framework",
			);
			name = "[CP] Embed Pods Frameworks";
			outputPaths = (
				"${TARGET_BUILD_DIR}/${FRAMEWORKS_FOLDER_PATH}/Alamofire.framework",
				"${TARGET_BUILD_DIR}/${FRAMEWORKS_FOLDER_PATH}/SkyFloatingLabelTextField.framework",
			);
			runOnlyForDeploymentPostprocessing = 0;
			shellPath = /bin/sh;
			shellScript = "\"${SRCROOT}/Pods/Target Support Files/Pods-ProjectMechanicApp/Pods-ProjectMechanicApp-frameworks.sh\"\n";
			showEnvVarsInLog = 0;
		};
		483F4961EB596DB591D77EC3 /* [CP] Check Pods Manifest.lock */ = {
			isa = PBXShellScriptBuildPhase;
			buildActionMask = 2147483647;
			files = (
			);
			inputPaths = (
				"${PODS_PODFILE_DIR_PATH}/Podfile.lock",
				"${PODS_ROOT}/Manifest.lock",
			);
			name = "[CP] Check Pods Manifest.lock";
			outputPaths = (
				"$(DERIVED_FILE_DIR)/Pods-ProjectMechanicApp-checkManifestLockResult.txt",
			);
			runOnlyForDeploymentPostprocessing = 0;
			shellPath = /bin/sh;
			shellScript = "diff \"${PODS_PODFILE_DIR_PATH}/Podfile.lock\" \"${PODS_ROOT}/Manifest.lock\" > /dev/null\nif [ $? != 0 ] ; then\n    # print error to STDERR\n    echo \"error: The sandbox is not in sync with the Podfile.lock. Run 'pod install' or update your CocoaPods installation.\" >&2\n    exit 1\nfi\n# This output is used by Xcode 'outputs' to avoid re-running this script phase.\necho \"SUCCESS\" > \"${SCRIPT_OUTPUT_FILE_0}\"\n";
			showEnvVarsInLog = 0;
		};
		637793B7E3869B4E53F9AF05 /* [CP] Check Pods Manifest.lock */ = {
			isa = PBXShellScriptBuildPhase;
			buildActionMask = 2147483647;
			files = (
			);
			inputPaths = (
				"${PODS_PODFILE_DIR_PATH}/Podfile.lock",
				"${PODS_ROOT}/Manifest.lock",
			);
			name = "[CP] Check Pods Manifest.lock";
			outputPaths = (
				"$(DERIVED_FILE_DIR)/Pods-ProjectMechanicAppUITests-checkManifestLockResult.txt",
			);
			runOnlyForDeploymentPostprocessing = 0;
			shellPath = /bin/sh;
			shellScript = "diff \"${PODS_PODFILE_DIR_PATH}/Podfile.lock\" \"${PODS_ROOT}/Manifest.lock\" > /dev/null\nif [ $? != 0 ] ; then\n    # print error to STDERR\n    echo \"error: The sandbox is not in sync with the Podfile.lock. Run 'pod install' or update your CocoaPods installation.\" >&2\n    exit 1\nfi\n# This output is used by Xcode 'outputs' to avoid re-running this script phase.\necho \"SUCCESS\" > \"${SCRIPT_OUTPUT_FILE_0}\"\n";
			showEnvVarsInLog = 0;
		};
/* End PBXShellScriptBuildPhase section */

/* Begin PBXSourcesBuildPhase section */
		3C434BE121AD984400888D39 /* Sources */ = {
			isa = PBXSourcesBuildPhase;
			buildActionMask = 2147483647;
			files = (
				3CF9F94621E66DB900B9C4B2 /* CustomToast.swift in Sources */,
				3C84143A21E2649A00940F1C /* DetailsHistoryTableViewCell.swift in Sources */,
				3CC1CD6121CFEBDE00A03C33 /* RepairModel.swift in Sources */,
				3CE9B08B21C5110000CE047E /* HistoryTableViewCell.swift in Sources */,
				3C434C2021ADC0F400888D39 /* CustomNavigationBar.swift in Sources */,
				3CC1CD5621CFDBB500A03C33 /* CurrentRepairsViewController.swift in Sources */,
				3CE9B08821C5068D00CE047E /* ContactViewController.swift in Sources */,
				3CE9B08D21C5163C00CE047E /* HistoryViewController.swift in Sources */,
				3C84143621E2580100940F1C /* LocalNotification.swift in Sources */,
				3C434BEB21AD984400888D39 /* LoginViewController.swift in Sources */,
				3CE1206221EA076700D88BD8 /* ConnectionManager.swift in Sources */,
				3C434BF121AD984500888D39 /* ProjectMechanicApp.xcdatamodeld in Sources */,
				3C3AC12321B42C2B007B79CB /* MenuViewController.swift in Sources */,
				3CF560EB21E67C0900D6F613 /* NotificationTableViewCell.swift in Sources */,
				3CC1CD6E21D0141000A03C33 /* NotificationsViewController.swift in Sources */,
				3CC1CD5821CFDDFD00A03C33 /* CurrentRepairTableViewCell.swift in Sources */,
				3C84143821E25FA000940F1C /* DetailsHistoryViewController.swift in Sources */,
				3CF560E921E679F600D6F613 /* Utils.swift in Sources */,
				3C434C1E21ADB64D00888D39 /* Constans.swift in Sources */,
				3CC1CD6321CFFC5D00A03C33 /* Extensions.swift in Sources */,
				3CC1CD6B21D010D400A03C33 /* AddNotificationDialog.swift in Sources */,
				3CC1CD5B21CFEB8400A03C33 /* CarModel.swift in Sources */,
				3CC1CD5D21CFEBA400A03C33 /* CustomerModel.swift in Sources */,
				3C434BE921AD984400888D39 /* AppDelegate.swift in Sources */,
				3C434C1B21ADAB2500888D39 /* MainViewController.swift in Sources */,
			);
			runOnlyForDeploymentPostprocessing = 0;
		};
		3C434BF821AD984600888D39 /* Sources */ = {
			isa = PBXSourcesBuildPhase;
			buildActionMask = 2147483647;
			files = (
				3C434C0121AD984600888D39 /* ProjectMechanicAppTests.swift in Sources */,
			);
			runOnlyForDeploymentPostprocessing = 0;
		};
		3C434C0321AD984600888D39 /* Sources */ = {
			isa = PBXSourcesBuildPhase;
			buildActionMask = 2147483647;
			files = (
				3C434C0C21AD984600888D39 /* ProjectMechanicAppUITests.swift in Sources */,
			);
			runOnlyForDeploymentPostprocessing = 0;
		};
/* End PBXSourcesBuildPhase section */

/* Begin PBXTargetDependency section */
		3C434BFE21AD984600888D39 /* PBXTargetDependency */ = {
			isa = PBXTargetDependency;
			target = 3C434BE421AD984400888D39 /* ProjectMechanicApp */;
			targetProxy = 3C434BFD21AD984600888D39 /* PBXContainerItemProxy */;
		};
		3C434C0921AD984600888D39 /* PBXTargetDependency */ = {
			isa = PBXTargetDependency;
			target = 3C434BE421AD984400888D39 /* ProjectMechanicApp */;
			targetProxy = 3C434C0821AD984600888D39 /* PBXContainerItemProxy */;
		};
/* End PBXTargetDependency section */

/* Begin PBXVariantGroup section */
		3C434BEC21AD984400888D39 /* Main.storyboard */ = {
			isa = PBXVariantGroup;
			children = (
				3C434BED21AD984400888D39 /* Base */,
			);
			name = Main.storyboard;
			sourceTree = "<group>";
		};
		3C434BF421AD984600888D39 /* LaunchScreen.storyboard */ = {
			isa = PBXVariantGroup;
			children = (
				3C434BF521AD984600888D39 /* Base */,
			);
			name = LaunchScreen.storyboard;
			sourceTree = "<group>";
		};
/* End PBXVariantGroup section */

/* Begin XCBuildConfiguration section */
		3C434C0E21AD984700888D39 /* Debug */ = {
			isa = XCBuildConfiguration;
			buildSettings = {
				ALWAYS_SEARCH_USER_PATHS = NO;
				CLANG_ANALYZER_NONNULL = YES;
				CLANG_ANALYZER_NUMBER_OBJECT_CONVERSION = YES_AGGRESSIVE;
				CLANG_CXX_LANGUAGE_STANDARD = "gnu++14";
				CLANG_CXX_LIBRARY = "libc++";
				CLANG_ENABLE_MODULES = YES;
				CLANG_ENABLE_OBJC_ARC = YES;
				CLANG_ENABLE_OBJC_WEAK = YES;
				CLANG_WARN_BLOCK_CAPTURE_AUTORELEASING = YES;
				CLANG_WARN_BOOL_CONVERSION = YES;
				CLANG_WARN_COMMA = YES;
				CLANG_WARN_CONSTANT_CONVERSION = YES;
				CLANG_WARN_DEPRECATED_OBJC_IMPLEMENTATIONS = YES;
				CLANG_WARN_DIRECT_OBJC_ISA_USAGE = YES_ERROR;
				CLANG_WARN_DOCUMENTATION_COMMENTS = YES;
				CLANG_WARN_EMPTY_BODY = YES;
				CLANG_WARN_ENUM_CONVERSION = YES;
				CLANG_WARN_INFINITE_RECURSION = YES;
				CLANG_WARN_INT_CONVERSION = YES;
				CLANG_WARN_NON_LITERAL_NULL_CONVERSION = YES;
				CLANG_WARN_OBJC_IMPLICIT_RETAIN_SELF = YES;
				CLANG_WARN_OBJC_LITERAL_CONVERSION = YES;
				CLANG_WARN_OBJC_ROOT_CLASS = YES_ERROR;
				CLANG_WARN_RANGE_LOOP_ANALYSIS = YES;
				CLANG_WARN_STRICT_PROTOTYPES = YES;
				CLANG_WARN_SUSPICIOUS_MOVE = YES;
				CLANG_WARN_UNGUARDED_AVAILABILITY = YES_AGGRESSIVE;
				CLANG_WARN_UNREACHABLE_CODE = YES;
				CLANG_WARN__DUPLICATE_METHOD_MATCH = YES;
				CODE_SIGN_IDENTITY = "iPhone Developer";
				COPY_PHASE_STRIP = NO;
				DEBUG_INFORMATION_FORMAT = dwarf;
				ENABLE_STRICT_OBJC_MSGSEND = YES;
				ENABLE_TESTABILITY = YES;
				GCC_C_LANGUAGE_STANDARD = gnu11;
				GCC_DYNAMIC_NO_PIC = NO;
				GCC_NO_COMMON_BLOCKS = YES;
				GCC_OPTIMIZATION_LEVEL = 0;
				GCC_PREPROCESSOR_DEFINITIONS = (
					"DEBUG=1",
					"$(inherited)",
				);
				GCC_WARN_64_TO_32_BIT_CONVERSION = YES;
				GCC_WARN_ABOUT_RETURN_TYPE = YES_ERROR;
				GCC_WARN_UNDECLARED_SELECTOR = YES;
				GCC_WARN_UNINITIALIZED_AUTOS = YES_AGGRESSIVE;
				GCC_WARN_UNUSED_FUNCTION = YES;
				GCC_WARN_UNUSED_VARIABLE = YES;
				IPHONEOS_DEPLOYMENT_TARGET = 11.3;
				MTL_ENABLE_DEBUG_INFO = YES;
				ONLY_ACTIVE_ARCH = YES;
				SDKROOT = iphoneos;
				SWIFT_ACTIVE_COMPILATION_CONDITIONS = DEBUG;
				SWIFT_OPTIMIZATION_LEVEL = "-Onone";
			};
			name = Debug;
		};
		3C434C0F21AD984700888D39 /* Release */ = {
			isa = XCBuildConfiguration;
			buildSettings = {
				ALWAYS_SEARCH_USER_PATHS = NO;
				CLANG_ANALYZER_NONNULL = YES;
				CLANG_ANALYZER_NUMBER_OBJECT_CONVERSION = YES_AGGRESSIVE;
				CLANG_CXX_LANGUAGE_STANDARD = "gnu++14";
				CLANG_CXX_LIBRARY = "libc++";
				CLANG_ENABLE_MODULES = YES;
				CLANG_ENABLE_OBJC_ARC = YES;
				CLANG_ENABLE_OBJC_WEAK = YES;
				CLANG_WARN_BLOCK_CAPTURE_AUTORELEASING = YES;
				CLANG_WARN_BOOL_CONVERSION = YES;
				CLANG_WARN_COMMA = YES;
				CLANG_WARN_CONSTANT_CONVERSION = YES;
				CLANG_WARN_DEPRECATED_OBJC_IMPLEMENTATIONS = YES;
				CLANG_WARN_DIRECT_OBJC_ISA_USAGE = YES_ERROR;
				CLANG_WARN_DOCUMENTATION_COMMENTS = YES;
				CLANG_WARN_EMPTY_BODY = YES;
				CLANG_WARN_ENUM_CONVERSION = YES;
				CLANG_WARN_INFINITE_RECURSION = YES;
				CLANG_WARN_INT_CONVERSION = YES;
				CLANG_WARN_NON_LITERAL_NULL_CONVERSION = YES;
				CLANG_WARN_OBJC_IMPLICIT_RETAIN_SELF = YES;
				CLANG_WARN_OBJC_LITERAL_CONVERSION = YES;
				CLANG_WARN_OBJC_ROOT_CLASS = YES_ERROR;
				CLANG_WARN_RANGE_LOOP_ANALYSIS = YES;
				CLANG_WARN_STRICT_PROTOTYPES = YES;
				CLANG_WARN_SUSPICIOUS_MOVE = YES;
				CLANG_WARN_UNGUARDED_AVAILABILITY = YES_AGGRESSIVE;
				CLANG_WARN_UNREACHABLE_CODE = YES;
				CLANG_WARN__DUPLICATE_METHOD_MATCH = YES;
				CODE_SIGN_IDENTITY = "iPhone Developer";
				COPY_PHASE_STRIP = NO;
				DEBUG_INFORMATION_FORMAT = "dwarf-with-dsym";
				ENABLE_NS_ASSERTIONS = NO;
				ENABLE_STRICT_OBJC_MSGSEND = YES;
				GCC_C_LANGUAGE_STANDARD = gnu11;
				GCC_NO_COMMON_BLOCKS = YES;
				GCC_WARN_64_TO_32_BIT_CONVERSION = YES;
				GCC_WARN_ABOUT_RETURN_TYPE = YES_ERROR;
				GCC_WARN_UNDECLARED_SELECTOR = YES;
				GCC_WARN_UNINITIALIZED_AUTOS = YES_AGGRESSIVE;
				GCC_WARN_UNUSED_FUNCTION = YES;
				GCC_WARN_UNUSED_VARIABLE = YES;
				IPHONEOS_DEPLOYMENT_TARGET = 11.3;
				MTL_ENABLE_DEBUG_INFO = NO;
				SDKROOT = iphoneos;
				SWIFT_COMPILATION_MODE = wholemodule;
				SWIFT_OPTIMIZATION_LEVEL = "-O";
				VALIDATE_PRODUCT = YES;
			};
			name = Release;
		};
		3C434C1121AD984700888D39 /* Debug */ = {
			isa = XCBuildConfiguration;
			baseConfigurationReference = 64DE580ADF27166A509C343D /* Pods-ProjectMechanicApp.debug.xcconfig */;
			buildSettings = {
				ASSETCATALOG_COMPILER_APPICON_NAME = AppIcon;
				CODE_SIGN_IDENTITY = "iPhone Developer";
				CODE_SIGN_STYLE = Automatic;
				DEVELOPMENT_TEAM = U8BR229Y5C;
				INFOPLIST_FILE = ProjectMechanicApp/Info.plist;
				IPHONEOS_DEPLOYMENT_TARGET = 10.0;
				LD_RUNPATH_SEARCH_PATHS = (
					"$(inherited)",
					"@executable_path/Frameworks",
				);
				PRODUCT_BUNDLE_IDENTIFIER = Ukashi.ProjectMechanicApp;
				PRODUCT_NAME = "$(TARGET_NAME)";
				PROVISIONING_PROFILE = "";
				PROVISIONING_PROFILE_SPECIFIER = "";
				SWIFT_VERSION = 4.0;
				TARGETED_DEVICE_FAMILY = "1,2";
			};
			name = Debug;
		};
		3C434C1221AD984700888D39 /* Release */ = {
			isa = XCBuildConfiguration;
			baseConfigurationReference = D1AC6AF98BDD2838B5B0084F /* Pods-ProjectMechanicApp.release.xcconfig */;
			buildSettings = {
				ASSETCATALOG_COMPILER_APPICON_NAME = AppIcon;
				CODE_SIGN_IDENTITY = "iPhone Developer";
				CODE_SIGN_STYLE = Automatic;
				DEVELOPMENT_TEAM = U8BR229Y5C;
				INFOPLIST_FILE = ProjectMechanicApp/Info.plist;
				IPHONEOS_DEPLOYMENT_TARGET = 10.0;
				LD_RUNPATH_SEARCH_PATHS = (
					"$(inherited)",
					"@executable_path/Frameworks",
				);
				PRODUCT_BUNDLE_IDENTIFIER = Ukashi.ProjectMechanicApp;
				PRODUCT_NAME = "$(TARGET_NAME)";
				PROVISIONING_PROFILE_SPECIFIER = "";
				SWIFT_VERSION = 4.0;
				TARGETED_DEVICE_FAMILY = "1,2";
			};
			name = Release;
		};
		3C434C1421AD984700888D39 /* Debug */ = {
			isa = XCBuildConfiguration;
			baseConfigurationReference = BC5700666EEAF7D838788FB2 /* Pods-ProjectMechanicAppTests.debug.xcconfig */;
			buildSettings = {
				ALWAYS_EMBED_SWIFT_STANDARD_LIBRARIES = YES;
				BUNDLE_LOADER = "$(TEST_HOST)";
				CODE_SIGN_STYLE = Automatic;
				DEVELOPMENT_TEAM = 7SM85HUE8Q;
				INFOPLIST_FILE = ProjectMechanicAppTests/Info.plist;
				LD_RUNPATH_SEARCH_PATHS = (
					"$(inherited)",
					"@executable_path/Frameworks",
					"@loader_path/Frameworks",
				);
				PRODUCT_BUNDLE_IDENTIFIER = Ukashi.ProjectMechanicAppTests;
				PRODUCT_NAME = "$(TARGET_NAME)";
				SWIFT_VERSION = 4.0;
				TARGETED_DEVICE_FAMILY = "1,2";
				TEST_HOST = "$(BUILT_PRODUCTS_DIR)/ProjectMechanicApp.app/ProjectMechanicApp";
			};
			name = Debug;
		};
		3C434C1521AD984700888D39 /* Release */ = {
			isa = XCBuildConfiguration;
			baseConfigurationReference = 5BF98F3440FE3D4A08AB7299 /* Pods-ProjectMechanicAppTests.release.xcconfig */;
			buildSettings = {
				ALWAYS_EMBED_SWIFT_STANDARD_LIBRARIES = YES;
				BUNDLE_LOADER = "$(TEST_HOST)";
				CODE_SIGN_STYLE = Automatic;
				DEVELOPMENT_TEAM = 7SM85HUE8Q;
				INFOPLIST_FILE = ProjectMechanicAppTests/Info.plist;
				LD_RUNPATH_SEARCH_PATHS = (
					"$(inherited)",
					"@executable_path/Frameworks",
					"@loader_path/Frameworks",
				);
				PRODUCT_BUNDLE_IDENTIFIER = Ukashi.ProjectMechanicAppTests;
				PRODUCT_NAME = "$(TARGET_NAME)";
				SWIFT_VERSION = 4.0;
				TARGETED_DEVICE_FAMILY = "1,2";
				TEST_HOST = "$(BUILT_PRODUCTS_DIR)/ProjectMechanicApp.app/ProjectMechanicApp";
			};
			name = Release;
		};
		3C434C1721AD984700888D39 /* Debug */ = {
			isa = XCBuildConfiguration;
			baseConfigurationReference = 12786281B2F84BF8E8B4BDB9 /* Pods-ProjectMechanicAppUITests.debug.xcconfig */;
			buildSettings = {
				ALWAYS_EMBED_SWIFT_STANDARD_LIBRARIES = YES;
				CODE_SIGN_STYLE = Automatic;
				DEVELOPMENT_TEAM = 7SM85HUE8Q;
				INFOPLIST_FILE = ProjectMechanicAppUITests/Info.plist;
				LD_RUNPATH_SEARCH_PATHS = (
					"$(inherited)",
					"@executable_path/Frameworks",
					"@loader_path/Frameworks",
				);
				PRODUCT_BUNDLE_IDENTIFIER = Ukashi.ProjectMechanicAppUITests;
				PRODUCT_NAME = "$(TARGET_NAME)";
				SWIFT_VERSION = 4.0;
				TARGETED_DEVICE_FAMILY = "1,2";
				TEST_TARGET_NAME = ProjectMechanicApp;
			};
			name = Debug;
		};
		3C434C1821AD984700888D39 /* Release */ = {
			isa = XCBuildConfiguration;
			baseConfigurationReference = 2D1BA9935AD705A056127990 /* Pods-ProjectMechanicAppUITests.release.xcconfig */;
			buildSettings = {
				ALWAYS_EMBED_SWIFT_STANDARD_LIBRARIES = YES;
				CODE_SIGN_STYLE = Automatic;
				DEVELOPMENT_TEAM = 7SM85HUE8Q;
				INFOPLIST_FILE = ProjectMechanicAppUITests/Info.plist;
				LD_RUNPATH_SEARCH_PATHS = (
					"$(inherited)",
					"@executable_path/Frameworks",
					"@loader_path/Frameworks",
				);
				PRODUCT_BUNDLE_IDENTIFIER = Ukashi.ProjectMechanicAppUITests;
				PRODUCT_NAME = "$(TARGET_NAME)";
				SWIFT_VERSION = 4.0;
				TARGETED_DEVICE_FAMILY = "1,2";
				TEST_TARGET_NAME = ProjectMechanicApp;
			};
			name = Release;
		};
/* End XCBuildConfiguration section */

/* Begin XCConfigurationList section */
		3C434BE021AD984400888D39 /* Build configuration list for PBXProject "ProjectMechanicApp" */ = {
			isa = XCConfigurationList;
			buildConfigurations = (
				3C434C0E21AD984700888D39 /* Debug */,
				3C434C0F21AD984700888D39 /* Release */,
			);
			defaultConfigurationIsVisible = 0;
			defaultConfigurationName = Release;
		};
		3C434C1021AD984700888D39 /* Build configuration list for PBXNativeTarget "ProjectMechanicApp" */ = {
			isa = XCConfigurationList;
			buildConfigurations = (
				3C434C1121AD984700888D39 /* Debug */,
				3C434C1221AD984700888D39 /* Release */,
			);
			defaultConfigurationIsVisible = 0;
			defaultConfigurationName = Release;
		};
		3C434C1321AD984700888D39 /* Build configuration list for PBXNativeTarget "ProjectMechanicAppTests" */ = {
			isa = XCConfigurationList;
			buildConfigurations = (
				3C434C1421AD984700888D39 /* Debug */,
				3C434C1521AD984700888D39 /* Release */,
			);
			defaultConfigurationIsVisible = 0;
			defaultConfigurationName = Release;
		};
		3C434C1621AD984700888D39 /* Build configuration list for PBXNativeTarget "ProjectMechanicAppUITests" */ = {
			isa = XCConfigurationList;
			buildConfigurations = (
				3C434C1721AD984700888D39 /* Debug */,
				3C434C1821AD984700888D39 /* Release */,
			);
			defaultConfigurationIsVisible = 0;
			defaultConfigurationName = Release;
		};
/* End XCConfigurationList section */

/* Begin XCVersionGroup section */
		3C434BEF21AD984500888D39 /* ProjectMechanicApp.xcdatamodeld */ = {
			isa = XCVersionGroup;
			children = (
				3C434BF021AD984500888D39 /* ProjectMechanicApp.xcdatamodel */,
			);
			currentVersion = 3C434BF021AD984500888D39 /* ProjectMechanicApp.xcdatamodel */;
			path = ProjectMechanicApp.xcdatamodeld;
			sourceTree = "<group>";
			versionGroupType = wrapper.xcdatamodel;
		};
/* End XCVersionGroup section */
	};
	rootObject = 3C434BDD21AD984400888D39 /* Project object */;
}
